// !$*UTF8*$!
{
	archiveVersion = 1;
	classes = {
	};
	objectVersion = 51;
	objects = {

/* Begin PBXBuildFile section */
		50C7D80DB031544AEDB8989B /* Pods_Marley_Spoon_Coding_Challenge.framework in Frameworks */ = {isa = PBXBuildFile; fileRef = 40C15B98C752601D49ED6EBD /* Pods_Marley_Spoon_Coding_Challenge.framework */; };
		56B626C041E3725260779CC4 /* Pods_Marley_Spoon_Coding_ChallengeTests.framework in Frameworks */ = {isa = PBXBuildFile; fileRef = 25C1304420ED5E88508FCF55 /* Pods_Marley_Spoon_Coding_ChallengeTests.framework */; };
		940DC3EE240391D80008C0A6 /* Tag.swift in Sources */ = {isa = PBXBuildFile; fileRef = 940DC3ED240391D80008C0A6 /* Tag.swift */; };
		960FC9992401751A00E97E54 /* AppDelegate.swift in Sources */ = {isa = PBXBuildFile; fileRef = 960FC9982401751A00E97E54 /* AppDelegate.swift */; };
		960FC99B2401751A00E97E54 /* SceneDelegate.swift in Sources */ = {isa = PBXBuildFile; fileRef = 960FC99A2401751A00E97E54 /* SceneDelegate.swift */; };
		960FC99D2401751A00E97E54 /* RecipesView.swift in Sources */ = {isa = PBXBuildFile; fileRef = 960FC99C2401751A00E97E54 /* RecipesView.swift */; };
		960FC99F2401751C00E97E54 /* Assets.xcassets in Resources */ = {isa = PBXBuildFile; fileRef = 960FC99E2401751C00E97E54 /* Assets.xcassets */; };
		960FC9A22401751C00E97E54 /* Preview Assets.xcassets in Resources */ = {isa = PBXBuildFile; fileRef = 960FC9A12401751C00E97E54 /* Preview Assets.xcassets */; };
		960FC9A52401751C00E97E54 /* LaunchScreen.storyboard in Resources */ = {isa = PBXBuildFile; fileRef = 960FC9A32401751C00E97E54 /* LaunchScreen.storyboard */; };
		960FC9B02401751D00E97E54 /* RecipeViewModelTests.swift in Sources */ = {isa = PBXBuildFile; fileRef = 960FC9AF2401751D00E97E54 /* RecipeViewModelTests.swift */; };
		960FC9BB2401751D00E97E54 /* Marley_Spoon_Coding_ChallengeUITests.swift in Sources */ = {isa = PBXBuildFile; fileRef = 960FC9BA2401751D00E97E54 /* Marley_Spoon_Coding_ChallengeUITests.swift */; };
		960FC9C924017ABC00E97E54 /* API.swift in Sources */ = {isa = PBXBuildFile; fileRef = 960FC9C824017ABC00E97E54 /* API.swift */; };
		960FC9CC24018E3E00E97E54 /* Recipe.swift in Sources */ = {isa = PBXBuildFile; fileRef = 960FC9CB24018E3E00E97E54 /* Recipe.swift */; };
		960FC9CF2401934F00E97E54 /* RecipesViewModel.swift in Sources */ = {isa = PBXBuildFile; fileRef = 960FC9CE2401934F00E97E54 /* RecipesViewModel.swift */; };
		965A9860240271F200BC73E6 /* ImageView.swift in Sources */ = {isa = PBXBuildFile; fileRef = 965A985F240271F200BC73E6 /* ImageView.swift */; };
		965A98622402721300BC73E6 /* CardView.swift in Sources */ = {isa = PBXBuildFile; fileRef = 965A98612402721300BC73E6 /* CardView.swift */; };
		965A9864240279A400BC73E6 /* RecipeDetailView.swift in Sources */ = {isa = PBXBuildFile; fileRef = 965A9863240279A400BC73E6 /* RecipeDetailView.swift */; };
		965A986624027A4300BC73E6 /* RecipeDetailViewModel.swift in Sources */ = {isa = PBXBuildFile; fileRef = 965A986524027A4300BC73E6 /* RecipeDetailViewModel.swift */; };
		965A98682402E1A200BC73E6 /* APIMock.swift in Sources */ = {isa = PBXBuildFile; fileRef = 965A98672402E1A200BC73E6 /* APIMock.swift */; };
		965A986C2402EA3A00BC73E6 /* Chef.swift in Sources */ = {isa = PBXBuildFile; fileRef = 965A986B2402EA3A00BC73E6 /* Chef.swift */; };
		965A98722402FC3300BC73E6 /* data.json in Resources */ = {isa = PBXBuildFile; fileRef = 965A98712402FC3200BC73E6 /* data.json */; };
		965A98742402FEC600BC73E6 /* data-short.json in Resources */ = {isa = PBXBuildFile; fileRef = 965A98732402FEC600BC73E6 /* data-short.json */; };
		967983F22402617300CE47C2 /* ImageLoader.swift in Sources */ = {isa = PBXBuildFile; fileRef = 967983F12402617300CE47C2 /* ImageLoader.swift */; };
		B2A6835001AE2C7560B56B97 /* Pods_Marley_Spoon_Coding_Challenge_Marley_Spoon_Coding_ChallengeUITests.framework in Frameworks */ = {isa = PBXBuildFile; fileRef = 0E2B73E8ED1D362E3F84B886 /* Pods_Marley_Spoon_Coding_Challenge_Marley_Spoon_Coding_ChallengeUITests.framework */; };
/* End PBXBuildFile section */

/* Begin PBXContainerItemProxy section */
		960FC9AC2401751D00E97E54 /* PBXContainerItemProxy */ = {
			isa = PBXContainerItemProxy;
			containerPortal = 960FC98D2401751A00E97E54 /* Project object */;
			proxyType = 1;
			remoteGlobalIDString = 960FC9942401751A00E97E54;
			remoteInfo = "Marley Spoon Coding Challenge";
		};
		960FC9B72401751D00E97E54 /* PBXContainerItemProxy */ = {
			isa = PBXContainerItemProxy;
			containerPortal = 960FC98D2401751A00E97E54 /* Project object */;
			proxyType = 1;
			remoteGlobalIDString = 960FC9942401751A00E97E54;
			remoteInfo = "Marley Spoon Coding Challenge";
		};
/* End PBXContainerItemProxy section */

/* Begin PBXFileReference section */
		0E2B73E8ED1D362E3F84B886 /* Pods_Marley_Spoon_Coding_Challenge_Marley_Spoon_Coding_ChallengeUITests.framework */ = {isa = PBXFileReference; explicitFileType = wrapper.framework; includeInIndex = 0; path = Pods_Marley_Spoon_Coding_Challenge_Marley_Spoon_Coding_ChallengeUITests.framework; sourceTree = BUILT_PRODUCTS_DIR; };
		14A81751DE1D42E5526A642D /* Pods-Marley Spoon Coding Challenge-Marley Spoon Coding ChallengeUITests.release.xcconfig */ = {isa = PBXFileReference; includeInIndex = 1; lastKnownFileType = text.xcconfig; name = "Pods-Marley Spoon Coding Challenge-Marley Spoon Coding ChallengeUITests.release.xcconfig"; path = "Target Support Files/Pods-Marley Spoon Coding Challenge-Marley Spoon Coding ChallengeUITests/Pods-Marley Spoon Coding Challenge-Marley Spoon Coding ChallengeUITests.release.xcconfig"; sourceTree = "<group>"; };
		25C1304420ED5E88508FCF55 /* Pods_Marley_Spoon_Coding_ChallengeTests.framework */ = {isa = PBXFileReference; explicitFileType = wrapper.framework; includeInIndex = 0; path = Pods_Marley_Spoon_Coding_ChallengeTests.framework; sourceTree = BUILT_PRODUCTS_DIR; };
		40C15B98C752601D49ED6EBD /* Pods_Marley_Spoon_Coding_Challenge.framework */ = {isa = PBXFileReference; explicitFileType = wrapper.framework; includeInIndex = 0; path = Pods_Marley_Spoon_Coding_Challenge.framework; sourceTree = BUILT_PRODUCTS_DIR; };
		8A096DF7340BD29D39B93BEA /* Pods-Marley Spoon Coding ChallengeTests.release.xcconfig */ = {isa = PBXFileReference; includeInIndex = 1; lastKnownFileType = text.xcconfig; name = "Pods-Marley Spoon Coding ChallengeTests.release.xcconfig"; path = "Target Support Files/Pods-Marley Spoon Coding ChallengeTests/Pods-Marley Spoon Coding ChallengeTests.release.xcconfig"; sourceTree = "<group>"; };
		940DC3ED240391D80008C0A6 /* Tag.swift */ = {isa = PBXFileReference; fileEncoding = 4; lastKnownFileType = sourcecode.swift; path = Tag.swift; sourceTree = "<group>"; };
		960FC9952401751A00E97E54 /* Marley Spoon Coding Challenge.app */ = {isa = PBXFileReference; explicitFileType = wrapper.application; includeInIndex = 0; path = "Marley Spoon Coding Challenge.app"; sourceTree = BUILT_PRODUCTS_DIR; };
		960FC9982401751A00E97E54 /* AppDelegate.swift */ = {isa = PBXFileReference; lastKnownFileType = sourcecode.swift; path = AppDelegate.swift; sourceTree = "<group>"; };
		960FC99A2401751A00E97E54 /* SceneDelegate.swift */ = {isa = PBXFileReference; lastKnownFileType = sourcecode.swift; path = SceneDelegate.swift; sourceTree = "<group>"; };
		960FC99C2401751A00E97E54 /* RecipesView.swift */ = {isa = PBXFileReference; lastKnownFileType = sourcecode.swift; path = RecipesView.swift; sourceTree = "<group>"; };
		960FC99E2401751C00E97E54 /* Assets.xcassets */ = {isa = PBXFileReference; lastKnownFileType = folder.assetcatalog; path = Assets.xcassets; sourceTree = "<group>"; };
		960FC9A12401751C00E97E54 /* Preview Assets.xcassets */ = {isa = PBXFileReference; lastKnownFileType = folder.assetcatalog; path = "Preview Assets.xcassets"; sourceTree = "<group>"; };
		960FC9A42401751C00E97E54 /* Base */ = {isa = PBXFileReference; lastKnownFileType = file.storyboard; name = Base; path = Base.lproj/LaunchScreen.storyboard; sourceTree = "<group>"; };
		960FC9A62401751C00E97E54 /* Info.plist */ = {isa = PBXFileReference; lastKnownFileType = text.plist.xml; path = Info.plist; sourceTree = "<group>"; };
		960FC9AB2401751D00E97E54 /* Marley Spoon Coding ChallengeTests.xctest */ = {isa = PBXFileReference; explicitFileType = wrapper.cfbundle; includeInIndex = 0; path = "Marley Spoon Coding ChallengeTests.xctest"; sourceTree = BUILT_PRODUCTS_DIR; };
		960FC9AF2401751D00E97E54 /* RecipeViewModelTests.swift */ = {isa = PBXFileReference; lastKnownFileType = sourcecode.swift; path = RecipeViewModelTests.swift; sourceTree = "<group>"; };
		960FC9B12401751D00E97E54 /* Info.plist */ = {isa = PBXFileReference; lastKnownFileType = text.plist.xml; path = Info.plist; sourceTree = "<group>"; };
		960FC9B62401751D00E97E54 /* Marley Spoon Coding ChallengeUITests.xctest */ = {isa = PBXFileReference; explicitFileType = wrapper.cfbundle; includeInIndex = 0; path = "Marley Spoon Coding ChallengeUITests.xctest"; sourceTree = BUILT_PRODUCTS_DIR; };
		960FC9BA2401751D00E97E54 /* Marley_Spoon_Coding_ChallengeUITests.swift */ = {isa = PBXFileReference; lastKnownFileType = sourcecode.swift; path = Marley_Spoon_Coding_ChallengeUITests.swift; sourceTree = "<group>"; };
		960FC9BC2401751D00E97E54 /* Info.plist */ = {isa = PBXFileReference; lastKnownFileType = text.plist.xml; path = Info.plist; sourceTree = "<group>"; };
		960FC9C824017ABC00E97E54 /* API.swift */ = {isa = PBXFileReference; lastKnownFileType = sourcecode.swift; path = API.swift; sourceTree = "<group>"; };
		960FC9CB24018E3E00E97E54 /* Recipe.swift */ = {isa = PBXFileReference; lastKnownFileType = sourcecode.swift; path = Recipe.swift; sourceTree = "<group>"; };
		960FC9CE2401934F00E97E54 /* RecipesViewModel.swift */ = {isa = PBXFileReference; lastKnownFileType = sourcecode.swift; path = RecipesViewModel.swift; sourceTree = "<group>"; };
		965A985F240271F200BC73E6 /* ImageView.swift */ = {isa = PBXFileReference; lastKnownFileType = sourcecode.swift; path = ImageView.swift; sourceTree = "<group>"; };
		965A98612402721300BC73E6 /* CardView.swift */ = {isa = PBXFileReference; lastKnownFileType = sourcecode.swift; path = CardView.swift; sourceTree = "<group>"; };
		965A9863240279A400BC73E6 /* RecipeDetailView.swift */ = {isa = PBXFileReference; lastKnownFileType = sourcecode.swift; path = RecipeDetailView.swift; sourceTree = "<group>"; };
		965A986524027A4300BC73E6 /* RecipeDetailViewModel.swift */ = {isa = PBXFileReference; lastKnownFileType = sourcecode.swift; path = RecipeDetailViewModel.swift; sourceTree = "<group>"; };
		965A98672402E1A200BC73E6 /* APIMock.swift */ = {isa = PBXFileReference; lastKnownFileType = sourcecode.swift; path = APIMock.swift; sourceTree = "<group>"; };
		965A986B2402EA3A00BC73E6 /* Chef.swift */ = {isa = PBXFileReference; lastKnownFileType = sourcecode.swift; path = Chef.swift; sourceTree = "<group>"; };
		965A98712402FC3200BC73E6 /* data.json */ = {isa = PBXFileReference; fileEncoding = 4; lastKnownFileType = text.json; path = data.json; sourceTree = "<group>"; };
		965A98732402FEC600BC73E6 /* data-short.json */ = {isa = PBXFileReference; fileEncoding = 4; lastKnownFileType = text.json; path = "data-short.json"; sourceTree = "<group>"; };
		967983F12402617300CE47C2 /* ImageLoader.swift */ = {isa = PBXFileReference; lastKnownFileType = sourcecode.swift; path = ImageLoader.swift; sourceTree = "<group>"; };
		9D2256723D6D7764C5ADFF53 /* Pods-Marley Spoon Coding Challenge-Marley Spoon Coding ChallengeUITests.debug.xcconfig */ = {isa = PBXFileReference; includeInIndex = 1; lastKnownFileType = text.xcconfig; name = "Pods-Marley Spoon Coding Challenge-Marley Spoon Coding ChallengeUITests.debug.xcconfig"; path = "Target Support Files/Pods-Marley Spoon Coding Challenge-Marley Spoon Coding ChallengeUITests/Pods-Marley Spoon Coding Challenge-Marley Spoon Coding ChallengeUITests.debug.xcconfig"; sourceTree = "<group>"; };
		A691E562CB44120B0FD5703E /* Pods-Marley Spoon Coding Challenge.release.xcconfig */ = {isa = PBXFileReference; includeInIndex = 1; lastKnownFileType = text.xcconfig; name = "Pods-Marley Spoon Coding Challenge.release.xcconfig"; path = "Target Support Files/Pods-Marley Spoon Coding Challenge/Pods-Marley Spoon Coding Challenge.release.xcconfig"; sourceTree = "<group>"; };
		CF05D73C9379FCBA3BD05AFC /* Pods-Marley Spoon Coding Challenge.debug.xcconfig */ = {isa = PBXFileReference; includeInIndex = 1; lastKnownFileType = text.xcconfig; name = "Pods-Marley Spoon Coding Challenge.debug.xcconfig"; path = "Target Support Files/Pods-Marley Spoon Coding Challenge/Pods-Marley Spoon Coding Challenge.debug.xcconfig"; sourceTree = "<group>"; };
		F17D19096EED36A0ADE159E9 /* Pods-Marley Spoon Coding ChallengeTests.debug.xcconfig */ = {isa = PBXFileReference; includeInIndex = 1; lastKnownFileType = text.xcconfig; name = "Pods-Marley Spoon Coding ChallengeTests.debug.xcconfig"; path = "Target Support Files/Pods-Marley Spoon Coding ChallengeTests/Pods-Marley Spoon Coding ChallengeTests.debug.xcconfig"; sourceTree = "<group>"; };
/* End PBXFileReference section */

/* Begin PBXFrameworksBuildPhase section */
		960FC9922401751A00E97E54 /* Frameworks */ = {
			isa = PBXFrameworksBuildPhase;
			buildActionMask = 2147483647;
			files = (
				50C7D80DB031544AEDB8989B /* Pods_Marley_Spoon_Coding_Challenge.framework in Frameworks */,
			);
			runOnlyForDeploymentPostprocessing = 0;
		};
		960FC9A82401751D00E97E54 /* Frameworks */ = {
			isa = PBXFrameworksBuildPhase;
			buildActionMask = 2147483647;
			files = (
				56B626C041E3725260779CC4 /* Pods_Marley_Spoon_Coding_ChallengeTests.framework in Frameworks */,
			);
			runOnlyForDeploymentPostprocessing = 0;
		};
		960FC9B32401751D00E97E54 /* Frameworks */ = {
			isa = PBXFrameworksBuildPhase;
			buildActionMask = 2147483647;
			files = (
				B2A6835001AE2C7560B56B97 /* Pods_Marley_Spoon_Coding_Challenge_Marley_Spoon_Coding_ChallengeUITests.framework in Frameworks */,
			);
			runOnlyForDeploymentPostprocessing = 0;
		};
/* End PBXFrameworksBuildPhase section */

/* Begin PBXGroup section */
		1F3448ACF91266943C579B72 /* Frameworks */ = {
			isa = PBXGroup;
			children = (
				40C15B98C752601D49ED6EBD /* Pods_Marley_Spoon_Coding_Challenge.framework */,
				0E2B73E8ED1D362E3F84B886 /* Pods_Marley_Spoon_Coding_Challenge_Marley_Spoon_Coding_ChallengeUITests.framework */,
				25C1304420ED5E88508FCF55 /* Pods_Marley_Spoon_Coding_ChallengeTests.framework */,
			);
			name = Frameworks;
			sourceTree = "<group>";
		};
		37E92469CF5690302848A8D8 /* Pods */ = {
			isa = PBXGroup;
			children = (
				CF05D73C9379FCBA3BD05AFC /* Pods-Marley Spoon Coding Challenge.debug.xcconfig */,
				A691E562CB44120B0FD5703E /* Pods-Marley Spoon Coding Challenge.release.xcconfig */,
				9D2256723D6D7764C5ADFF53 /* Pods-Marley Spoon Coding Challenge-Marley Spoon Coding ChallengeUITests.debug.xcconfig */,
				14A81751DE1D42E5526A642D /* Pods-Marley Spoon Coding Challenge-Marley Spoon Coding ChallengeUITests.release.xcconfig */,
				F17D19096EED36A0ADE159E9 /* Pods-Marley Spoon Coding ChallengeTests.debug.xcconfig */,
				8A096DF7340BD29D39B93BEA /* Pods-Marley Spoon Coding ChallengeTests.release.xcconfig */,
			);
			path = Pods;
			sourceTree = "<group>";
		};
		960FC98C2401751A00E97E54 = {
			isa = PBXGroup;
			children = (
				960FC9972401751A00E97E54 /* Marley Spoon Coding Challenge */,
				960FC9AE2401751D00E97E54 /* Marley Spoon Coding ChallengeTests */,
				960FC9B92401751D00E97E54 /* Marley Spoon Coding ChallengeUITests */,
				960FC9962401751A00E97E54 /* Products */,
				37E92469CF5690302848A8D8 /* Pods */,
				1F3448ACF91266943C579B72 /* Frameworks */,
			);
			sourceTree = "<group>";
		};
		960FC9962401751A00E97E54 /* Products */ = {
			isa = PBXGroup;
			children = (
				960FC9952401751A00E97E54 /* Marley Spoon Coding Challenge.app */,
				960FC9AB2401751D00E97E54 /* Marley Spoon Coding ChallengeTests.xctest */,
				960FC9B62401751D00E97E54 /* Marley Spoon Coding ChallengeUITests.xctest */,
			);
			name = Products;
			sourceTree = "<group>";
		};
		960FC9972401751A00E97E54 /* Marley Spoon Coding Challenge */ = {
			isa = PBXGroup;
			children = (
				960FC9D22401A45F00E97E54 /* Model */,
				960FC9D1240193C400E97E54 /* ViewModel */,
				960FC9CD24018F5800E97E54 /* View */,
				960FC9CA24018B3A00E97E54 /* Service */,
				960FC9982401751A00E97E54 /* AppDelegate.swift */,
				960FC99A2401751A00E97E54 /* SceneDelegate.swift */,
				960FC99E2401751C00E97E54 /* Assets.xcassets */,
				960FC9A32401751C00E97E54 /* LaunchScreen.storyboard */,
				960FC9A62401751C00E97E54 /* Info.plist */,
				960FC9A02401751C00E97E54 /* Preview Content */,
			);
			path = "Marley Spoon Coding Challenge";
			sourceTree = "<group>";
		};
		960FC9A02401751C00E97E54 /* Preview Content */ = {
			isa = PBXGroup;
			children = (
				960FC9A12401751C00E97E54 /* Preview Assets.xcassets */,
			);
			path = "Preview Content";
			sourceTree = "<group>";
		};
		960FC9AE2401751D00E97E54 /* Marley Spoon Coding ChallengeTests */ = {
			isa = PBXGroup;
			children = (
				965A98732402FEC600BC73E6 /* data-short.json */,
				965A98712402FC3200BC73E6 /* data.json */,
				960FC9AF2401751D00E97E54 /* RecipeViewModelTests.swift */,
				960FC9B12401751D00E97E54 /* Info.plist */,
				965A98672402E1A200BC73E6 /* APIMock.swift */,
			);
			path = "Marley Spoon Coding ChallengeTests";
			sourceTree = "<group>";
		};
		960FC9B92401751D00E97E54 /* Marley Spoon Coding ChallengeUITests */ = {
			isa = PBXGroup;
			children = (
				960FC9BA2401751D00E97E54 /* Marley_Spoon_Coding_ChallengeUITests.swift */,
				960FC9BC2401751D00E97E54 /* Info.plist */,
			);
			path = "Marley Spoon Coding ChallengeUITests";
			sourceTree = "<group>";
		};
		960FC9CA24018B3A00E97E54 /* Service */ = {
			isa = PBXGroup;
			children = (
				960FC9C824017ABC00E97E54 /* API.swift */,
				967983F12402617300CE47C2 /* ImageLoader.swift */,
			);
			path = Service;
			sourceTree = "<group>";
		};
		960FC9CD24018F5800E97E54 /* View */ = {
			isa = PBXGroup;
			children = (
				965A9863240279A400BC73E6 /* RecipeDetailView.swift */,
				960FC99C2401751A00E97E54 /* RecipesView.swift */,
				965A985F240271F200BC73E6 /* ImageView.swift */,
				965A98612402721300BC73E6 /* CardView.swift */,
			);
			path = View;
			sourceTree = "<group>";
		};
		960FC9D1240193C400E97E54 /* ViewModel */ = {
			isa = PBXGroup;
			children = (
				960FC9CE2401934F00E97E54 /* RecipesViewModel.swift */,
				965A986524027A4300BC73E6 /* RecipeDetailViewModel.swift */,
			);
			path = ViewModel;
			sourceTree = "<group>";
		};
		960FC9D22401A45F00E97E54 /* Model */ = {
			isa = PBXGroup;
			children = (
				940DC3ED240391D80008C0A6 /* Tag.swift */,
				960FC9CB24018E3E00E97E54 /* Recipe.swift */,
				965A986B2402EA3A00BC73E6 /* Chef.swift */,
			);
			path = Model;
			sourceTree = "<group>";
		};
/* End PBXGroup section */

/* Begin PBXNativeTarget section */
		960FC9942401751A00E97E54 /* Marley Spoon Coding Challenge */ = {
			isa = PBXNativeTarget;
			buildConfigurationList = 960FC9BF2401751D00E97E54 /* Build configuration list for PBXNativeTarget "Marley Spoon Coding Challenge" */;
			buildPhases = (
				6B9DC01C73BBC5DC20BEE5C8 /* [CP] Check Pods Manifest.lock */,
				960FC9912401751A00E97E54 /* Sources */,
				960FC9922401751A00E97E54 /* Frameworks */,
				960FC9932401751A00E97E54 /* Resources */,
				D23B23CD49455169237BE985 /* [CP] Embed Pods Frameworks */,
			);
			buildRules = (
			);
			dependencies = (
			);
			name = "Marley Spoon Coding Challenge";
			productName = "Marley Spoon Coding Challenge";
			productReference = 960FC9952401751A00E97E54 /* Marley Spoon Coding Challenge.app */;
			productType = "com.apple.product-type.application";
		};
		960FC9AA2401751D00E97E54 /* Marley Spoon Coding ChallengeTests */ = {
			isa = PBXNativeTarget;
			buildConfigurationList = 960FC9C22401751D00E97E54 /* Build configuration list for PBXNativeTarget "Marley Spoon Coding ChallengeTests" */;
			buildPhases = (
				47251EE6D21D8688217D6869 /* [CP] Check Pods Manifest.lock */,
				960FC9A72401751D00E97E54 /* Sources */,
				960FC9A82401751D00E97E54 /* Frameworks */,
				960FC9A92401751D00E97E54 /* Resources */,
			);
			buildRules = (
			);
			dependencies = (
				960FC9AD2401751D00E97E54 /* PBXTargetDependency */,
			);
			name = "Marley Spoon Coding ChallengeTests";
			productName = "Marley Spoon Coding ChallengeTests";
			productReference = 960FC9AB2401751D00E97E54 /* Marley Spoon Coding ChallengeTests.xctest */;
			productType = "com.apple.product-type.bundle.unit-test";
		};
		960FC9B52401751D00E97E54 /* Marley Spoon Coding ChallengeUITests */ = {
			isa = PBXNativeTarget;
			buildConfigurationList = 960FC9C52401751D00E97E54 /* Build configuration list for PBXNativeTarget "Marley Spoon Coding ChallengeUITests" */;
			buildPhases = (
				4663D5DF1B4594DFDE3616E7 /* [CP] Check Pods Manifest.lock */,
				960FC9B22401751D00E97E54 /* Sources */,
				960FC9B32401751D00E97E54 /* Frameworks */,
				960FC9B42401751D00E97E54 /* Resources */,
				E9D5947067DBFCC31D2F3D74 /* [CP] Embed Pods Frameworks */,
			);
			buildRules = (
			);
			dependencies = (
				960FC9B82401751D00E97E54 /* PBXTargetDependency */,
			);
			name = "Marley Spoon Coding ChallengeUITests";
			productName = "Marley Spoon Coding ChallengeUITests";
			productReference = 960FC9B62401751D00E97E54 /* Marley Spoon Coding ChallengeUITests.xctest */;
			productType = "com.apple.product-type.bundle.ui-testing";
		};
/* End PBXNativeTarget section */

/* Begin PBXProject section */
		960FC98D2401751A00E97E54 /* Project object */ = {
			isa = PBXProject;
			attributes = {
				LastSwiftUpdateCheck = 1130;
				LastUpgradeCheck = 1130;
				ORGANIZATIONNAME = pohyee;
				TargetAttributes = {
					960FC9942401751A00E97E54 = {
						CreatedOnToolsVersion = 11.3;
					};
					960FC9AA2401751D00E97E54 = {
						CreatedOnToolsVersion = 11.3;
						TestTargetID = 960FC9942401751A00E97E54;
					};
					960FC9B52401751D00E97E54 = {
						CreatedOnToolsVersion = 11.3;
						TestTargetID = 960FC9942401751A00E97E54;
					};
				};
			};
			buildConfigurationList = 960FC9902401751A00E97E54 /* Build configuration list for PBXProject "Marley Spoon Coding Challenge" */;
			compatibilityVersion = "Xcode 9.3";
			developmentRegion = en;
			hasScannedForEncodings = 0;
			knownRegions = (
				en,
				Base,
			);
			mainGroup = 960FC98C2401751A00E97E54;
			productRefGroup = 960FC9962401751A00E97E54 /* Products */;
			projectDirPath = "";
			projectRoot = "";
			targets = (
				960FC9942401751A00E97E54 /* Marley Spoon Coding Challenge */,
				960FC9AA2401751D00E97E54 /* Marley Spoon Coding ChallengeTests */,
				960FC9B52401751D00E97E54 /* Marley Spoon Coding ChallengeUITests */,
			);
		};
/* End PBXProject section */

/* Begin PBXResourcesBuildPhase section */
		960FC9932401751A00E97E54 /* Resources */ = {
			isa = PBXResourcesBuildPhase;
			buildActionMask = 2147483647;
			files = (
				960FC9A52401751C00E97E54 /* LaunchScreen.storyboard in Resources */,
				960FC9A22401751C00E97E54 /* Preview Assets.xcassets in Resources */,
				960FC99F2401751C00E97E54 /* Assets.xcassets in Resources */,
			);
			runOnlyForDeploymentPostprocessing = 0;
		};
		960FC9A92401751D00E97E54 /* Resources */ = {
			isa = PBXResourcesBuildPhase;
			buildActionMask = 2147483647;
			files = (
				965A98742402FEC600BC73E6 /* data-short.json in Resources */,
				965A98722402FC3300BC73E6 /* data.json in Resources */,
			);
			runOnlyForDeploymentPostprocessing = 0;
		};
		960FC9B42401751D00E97E54 /* Resources */ = {
			isa = PBXResourcesBuildPhase;
			buildActionMask = 2147483647;
			files = (
			);
			runOnlyForDeploymentPostprocessing = 0;
		};
/* End PBXResourcesBuildPhase section */

/* Begin PBXShellScriptBuildPhase section */
		4663D5DF1B4594DFDE3616E7 /* [CP] Check Pods Manifest.lock */ = {
			isa = PBXShellScriptBuildPhase;
			buildActionMask = 2147483647;
			files = (
			);
			inputFileListPaths = (
			);
			inputPaths = (
				"${PODS_PODFILE_DIR_PATH}/Podfile.lock",
				"${PODS_ROOT}/Manifest.lock",
			);
			name = "[CP] Check Pods Manifest.lock";
			outputFileListPaths = (
			);
			outputPaths = (
				"$(DERIVED_FILE_DIR)/Pods-Marley Spoon Coding Challenge-Marley Spoon Coding ChallengeUITests-checkManifestLockResult.txt",
			);
			runOnlyForDeploymentPostprocessing = 0;
			shellPath = /bin/sh;
			shellScript = "diff \"${PODS_PODFILE_DIR_PATH}/Podfile.lock\" \"${PODS_ROOT}/Manifest.lock\" > /dev/null\nif [ $? != 0 ] ; then\n    # print error to STDERR\n    echo \"error: The sandbox is not in sync with the Podfile.lock. Run 'pod install' or update your CocoaPods installation.\" >&2\n    exit 1\nfi\n# This output is used by Xcode 'outputs' to avoid re-running this script phase.\necho \"SUCCESS\" > \"${SCRIPT_OUTPUT_FILE_0}\"\n";
			showEnvVarsInLog = 0;
		};
		47251EE6D21D8688217D6869 /* [CP] Check Pods Manifest.lock */ = {
			isa = PBXShellScriptBuildPhase;
			buildActionMask = 2147483647;
			files = (
			);
			inputFileListPaths = (
			);
			inputPaths = (
				"${PODS_PODFILE_DIR_PATH}/Podfile.lock",
				"${PODS_ROOT}/Manifest.lock",
			);
			name = "[CP] Check Pods Manifest.lock";
			outputFileListPaths = (
			);
			outputPaths = (
				"$(DERIVED_FILE_DIR)/Pods-Marley Spoon Coding ChallengeTests-checkManifestLockResult.txt",
			);
			runOnlyForDeploymentPostprocessing = 0;
			shellPath = /bin/sh;
			shellScript = "diff \"${PODS_PODFILE_DIR_PATH}/Podfile.lock\" \"${PODS_ROOT}/Manifest.lock\" > /dev/null\nif [ $? != 0 ] ; then\n    # print error to STDERR\n    echo \"error: The sandbox is not in sync with the Podfile.lock. Run 'pod install' or update your CocoaPods installation.\" >&2\n    exit 1\nfi\n# This output is used by Xcode 'outputs' to avoid re-running this script phase.\necho \"SUCCESS\" > \"${SCRIPT_OUTPUT_FILE_0}\"\n";
			showEnvVarsInLog = 0;
		};
		6B9DC01C73BBC5DC20BEE5C8 /* [CP] Check Pods Manifest.lock */ = {
			isa = PBXShellScriptBuildPhase;
			buildActionMask = 2147483647;
			files = (
			);
			inputFileListPaths = (
			);
			inputPaths = (
				"${PODS_PODFILE_DIR_PATH}/Podfile.lock",
				"${PODS_ROOT}/Manifest.lock",
			);
			name = "[CP] Check Pods Manifest.lock";
			outputFileListPaths = (
			);
			outputPaths = (
				"$(DERIVED_FILE_DIR)/Pods-Marley Spoon Coding Challenge-checkManifestLockResult.txt",
			);
			runOnlyForDeploymentPostprocessing = 0;
			shellPath = /bin/sh;
			shellScript = "diff \"${PODS_PODFILE_DIR_PATH}/Podfile.lock\" \"${PODS_ROOT}/Manifest.lock\" > /dev/null\nif [ $? != 0 ] ; then\n    # print error to STDERR\n    echo \"error: The sandbox is not in sync with the Podfile.lock. Run 'pod install' or update your CocoaPods installation.\" >&2\n    exit 1\nfi\n# This output is used by Xcode 'outputs' to avoid re-running this script phase.\necho \"SUCCESS\" > \"${SCRIPT_OUTPUT_FILE_0}\"\n";
			showEnvVarsInLog = 0;
		};
		D23B23CD49455169237BE985 /* [CP] Embed Pods Frameworks */ = {
			isa = PBXShellScriptBuildPhase;
			buildActionMask = 2147483647;
			files = (
			);
			inputFileListPaths = (
				"${PODS_ROOT}/Target Support Files/Pods-Marley Spoon Coding Challenge/Pods-Marley Spoon Coding Challenge-frameworks-${CONFIGURATION}-input-files.xcfilelist",
			);
			name = "[CP] Embed Pods Frameworks";
			outputFileListPaths = (
				"${PODS_ROOT}/Target Support Files/Pods-Marley Spoon Coding Challenge/Pods-Marley Spoon Coding Challenge-frameworks-${CONFIGURATION}-output-files.xcfilelist",
			);
			runOnlyForDeploymentPostprocessing = 0;
			shellPath = /bin/sh;
			shellScript = "\"${PODS_ROOT}/Target Support Files/Pods-Marley Spoon Coding Challenge/Pods-Marley Spoon Coding Challenge-frameworks.sh\"\n";
			showEnvVarsInLog = 0;
		};
		E9D5947067DBFCC31D2F3D74 /* [CP] Embed Pods Frameworks */ = {
			isa = PBXShellScriptBuildPhase;
			buildActionMask = 2147483647;
			files = (
			);
			inputFileListPaths = (
				"${PODS_ROOT}/Target Support Files/Pods-Marley Spoon Coding Challenge-Marley Spoon Coding ChallengeUITests/Pods-Marley Spoon Coding Challenge-Marley Spoon Coding ChallengeUITests-frameworks-${CONFIGURATION}-input-files.xcfilelist",
			);
			name = "[CP] Embed Pods Frameworks";
			outputFileListPaths = (
				"${PODS_ROOT}/Target Support Files/Pods-Marley Spoon Coding Challenge-Marley Spoon Coding ChallengeUITests/Pods-Marley Spoon Coding Challenge-Marley Spoon Coding ChallengeUITests-frameworks-${CONFIGURATION}-output-files.xcfilelist",
			);
			runOnlyForDeploymentPostprocessing = 0;
			shellPath = /bin/sh;
			shellScript = "\"${PODS_ROOT}/Target Support Files/Pods-Marley Spoon Coding Challenge-Marley Spoon Coding ChallengeUITests/Pods-Marley Spoon Coding Challenge-Marley Spoon Coding ChallengeUITests-frameworks.sh\"\n";
			showEnvVarsInLog = 0;
		};
/* End PBXShellScriptBuildPhase section */

/* Begin PBXSourcesBuildPhase section */
		960FC9912401751A00E97E54 /* Sources */ = {
			isa = PBXSourcesBuildPhase;
			buildActionMask = 2147483647;
			files = (
				965A9860240271F200BC73E6 /* ImageView.swift in Sources */,
				965A9864240279A400BC73E6 /* RecipeDetailView.swift in Sources */,
				965A986624027A4300BC73E6 /* RecipeDetailViewModel.swift in Sources */,
				965A98622402721300BC73E6 /* CardView.swift in Sources */,
				967983F22402617300CE47C2 /* ImageLoader.swift in Sources */,
				960FC9992401751A00E97E54 /* AppDelegate.swift in Sources */,
				960FC99B2401751A00E97E54 /* SceneDelegate.swift in Sources */,
				965A986C2402EA3A00BC73E6 /* Chef.swift in Sources */,
				960FC9C924017ABC00E97E54 /* API.swift in Sources */,
				960FC99D2401751A00E97E54 /* RecipesView.swift in Sources */,
				960FC9CF2401934F00E97E54 /* RecipesViewModel.swift in Sources */,
				960FC9CC24018E3E00E97E54 /* Recipe.swift in Sources */,
				940DC3EE240391D80008C0A6 /* Tag.swift in Sources */,
			);
			runOnlyForDeploymentPostprocessing = 0;
		};
		960FC9A72401751D00E97E54 /* Sources */ = {
			isa = PBXSourcesBuildPhase;
			buildActionMask = 2147483647;
			files = (
				965A98682402E1A200BC73E6 /* APIMock.swift in Sources */,
				960FC9B02401751D00E97E54 /* RecipeViewModelTests.swift in Sources */,
			);
			runOnlyForDeploymentPostprocessing = 0;
		};
		960FC9B22401751D00E97E54 /* Sources */ = {
			isa = PBXSourcesBuildPhase;
			buildActionMask = 2147483647;
			files = (
				960FC9BB2401751D00E97E54 /* Marley_Spoon_Coding_ChallengeUITests.swift in Sources */,
			);
			runOnlyForDeploymentPostprocessing = 0;
		};
/* End PBXSourcesBuildPhase section */

/* Begin PBXTargetDependency section */
		960FC9AD2401751D00E97E54 /* PBXTargetDependency */ = {
			isa = PBXTargetDependency;
			target = 960FC9942401751A00E97E54 /* Marley Spoon Coding Challenge */;
			targetProxy = 960FC9AC2401751D00E97E54 /* PBXContainerItemProxy */;
		};
		960FC9B82401751D00E97E54 /* PBXTargetDependency */ = {
			isa = PBXTargetDependency;
			target = 960FC9942401751A00E97E54 /* Marley Spoon Coding Challenge */;
			targetProxy = 960FC9B72401751D00E97E54 /* PBXContainerItemProxy */;
		};
/* End PBXTargetDependency section */

/* Begin PBXVariantGroup section */
		960FC9A32401751C00E97E54 /* LaunchScreen.storyboard */ = {
			isa = PBXVariantGroup;
			children = (
				960FC9A42401751C00E97E54 /* Base */,
			);
			name = LaunchScreen.storyboard;
			sourceTree = "<group>";
		};
/* End PBXVariantGroup section */

/* Begin XCBuildConfiguration section */
		960FC9BD2401751D00E97E54 /* Debug */ = {
			isa = XCBuildConfiguration;
			buildSettings = {
				ALWAYS_SEARCH_USER_PATHS = NO;
				CLANG_ANALYZER_NONNULL = YES;
				CLANG_ANALYZER_NUMBER_OBJECT_CONVERSION = YES_AGGRESSIVE;
				CLANG_CXX_LANGUAGE_STANDARD = "gnu++14";
				CLANG_CXX_LIBRARY = "libc++";
				CLANG_ENABLE_MODULES = YES;
				CLANG_ENABLE_OBJC_ARC = YES;
				CLANG_ENABLE_OBJC_WEAK = YES;
				CLANG_WARN_BLOCK_CAPTURE_AUTORELEASING = YES;
				CLANG_WARN_BOOL_CONVERSION = YES;
				CLANG_WARN_COMMA = YES;
				CLANG_WARN_CONSTANT_CONVERSION = YES;
				CLANG_WARN_DEPRECATED_OBJC_IMPLEMENTATIONS = YES;
				CLANG_WARN_DIRECT_OBJC_ISA_USAGE = YES_ERROR;
				CLANG_WARN_DOCUMENTATION_COMMENTS = YES;
				CLANG_WARN_EMPTY_BODY = YES;
				CLANG_WARN_ENUM_CONVERSION = YES;
				CLANG_WARN_INFINITE_RECURSION = YES;
				CLANG_WARN_INT_CONVERSION = YES;
				CLANG_WARN_NON_LITERAL_NULL_CONVERSION = YES;
				CLANG_WARN_OBJC_IMPLICIT_RETAIN_SELF = YES;
				CLANG_WARN_OBJC_LITERAL_CONVERSION = YES;
				CLANG_WARN_OBJC_ROOT_CLASS = YES_ERROR;
				CLANG_WARN_RANGE_LOOP_ANALYSIS = YES;
				CLANG_WARN_STRICT_PROTOTYPES = YES;
				CLANG_WARN_SUSPICIOUS_MOVE = YES;
				CLANG_WARN_UNGUARDED_AVAILABILITY = YES_AGGRESSIVE;
				CLANG_WARN_UNREACHABLE_CODE = YES;
				CLANG_WARN__DUPLICATE_METHOD_MATCH = YES;
				COPY_PHASE_STRIP = NO;
				DEBUG_INFORMATION_FORMAT = dwarf;
				ENABLE_STRICT_OBJC_MSGSEND = YES;
				ENABLE_TESTABILITY = YES;
				GCC_C_LANGUAGE_STANDARD = gnu11;
				GCC_DYNAMIC_NO_PIC = NO;
				GCC_NO_COMMON_BLOCKS = YES;
				GCC_OPTIMIZATION_LEVEL = 0;
				GCC_PREPROCESSOR_DEFINITIONS = (
					"DEBUG=1",
					"$(inherited)",
				);
				GCC_WARN_64_TO_32_BIT_CONVERSION = YES;
				GCC_WARN_ABOUT_RETURN_TYPE = YES_ERROR;
				GCC_WARN_UNDECLARED_SELECTOR = YES;
				GCC_WARN_UNINITIALIZED_AUTOS = YES_AGGRESSIVE;
				GCC_WARN_UNUSED_FUNCTION = YES;
				GCC_WARN_UNUSED_VARIABLE = YES;
				IPHONEOS_DEPLOYMENT_TARGET = 13.2;
				MTL_ENABLE_DEBUG_INFO = INCLUDE_SOURCE;
				MTL_FAST_MATH = YES;
				ONLY_ACTIVE_ARCH = YES;
				SDKROOT = iphoneos;
				SWIFT_ACTIVE_COMPILATION_CONDITIONS = DEBUG;
				SWIFT_OPTIMIZATION_LEVEL = "-Onone";
			};
			name = Debug;
		};
		960FC9BE2401751D00E97E54 /* Release */ = {
			isa = XCBuildConfiguration;
			buildSettings = {
				ALWAYS_SEARCH_USER_PATHS = NO;
				CLANG_ANALYZER_NONNULL = YES;
				CLANG_ANALYZER_NUMBER_OBJECT_CONVERSION = YES_AGGRESSIVE;
				CLANG_CXX_LANGUAGE_STANDARD = "gnu++14";
				CLANG_CXX_LIBRARY = "libc++";
				CLANG_ENABLE_MODULES = YES;
				CLANG_ENABLE_OBJC_ARC = YES;
				CLANG_ENABLE_OBJC_WEAK = YES;
				CLANG_WARN_BLOCK_CAPTURE_AUTORELEASING = YES;
				CLANG_WARN_BOOL_CONVERSION = YES;
				CLANG_WARN_COMMA = YES;
				CLANG_WARN_CONSTANT_CONVERSION = YES;
				CLANG_WARN_DEPRECATED_OBJC_IMPLEMENTATIONS = YES;
				CLANG_WARN_DIRECT_OBJC_ISA_USAGE = YES_ERROR;
				CLANG_WARN_DOCUMENTATION_COMMENTS = YES;
				CLANG_WARN_EMPTY_BODY = YES;
				CLANG_WARN_ENUM_CONVERSION = YES;
				CLANG_WARN_INFINITE_RECURSION = YES;
				CLANG_WARN_INT_CONVERSION = YES;
				CLANG_WARN_NON_LITERAL_NULL_CONVERSION = YES;
				CLANG_WARN_OBJC_IMPLICIT_RETAIN_SELF = YES;
				CLANG_WARN_OBJC_LITERAL_CONVERSION = YES;
				CLANG_WARN_OBJC_ROOT_CLASS = YES_ERROR;
				CLANG_WARN_RANGE_LOOP_ANALYSIS = YES;
				CLANG_WARN_STRICT_PROTOTYPES = YES;
				CLANG_WARN_SUSPICIOUS_MOVE = YES;
				CLANG_WARN_UNGUARDED_AVAILABILITY = YES_AGGRESSIVE;
				CLANG_WARN_UNREACHABLE_CODE = YES;
				CLANG_WARN__DUPLICATE_METHOD_MATCH = YES;
				COPY_PHASE_STRIP = NO;
				DEBUG_INFORMATION_FORMAT = "dwarf-with-dsym";
				ENABLE_NS_ASSERTIONS = NO;
				ENABLE_STRICT_OBJC_MSGSEND = YES;
				GCC_C_LANGUAGE_STANDARD = gnu11;
				GCC_NO_COMMON_BLOCKS = YES;
				GCC_WARN_64_TO_32_BIT_CONVERSION = YES;
				GCC_WARN_ABOUT_RETURN_TYPE = YES_ERROR;
				GCC_WARN_UNDECLARED_SELECTOR = YES;
				GCC_WARN_UNINITIALIZED_AUTOS = YES_AGGRESSIVE;
				GCC_WARN_UNUSED_FUNCTION = YES;
				GCC_WARN_UNUSED_VARIABLE = YES;
				IPHONEOS_DEPLOYMENT_TARGET = 13.2;
				MTL_ENABLE_DEBUG_INFO = NO;
				MTL_FAST_MATH = YES;
				SDKROOT = iphoneos;
				SWIFT_COMPILATION_MODE = wholemodule;
				SWIFT_OPTIMIZATION_LEVEL = "-O";
				VALIDATE_PRODUCT = YES;
			};
			name = Release;
		};
		960FC9C02401751D00E97E54 /* Debug */ = {
			isa = XCBuildConfiguration;
			baseConfigurationReference = CF05D73C9379FCBA3BD05AFC /* Pods-Marley Spoon Coding Challenge.debug.xcconfig */;
			buildSettings = {
				ASSETCATALOG_COMPILER_APPICON_NAME = AppIcon;
				CODE_SIGN_STYLE = Automatic;
				DEVELOPMENT_ASSET_PATHS = "\"Marley Spoon Coding Challenge/Preview Content\"";
				ENABLE_PREVIEWS = YES;
				INFOPLIST_FILE = "Marley Spoon Coding Challenge/Info.plist";
				LD_RUNPATH_SEARCH_PATHS = (
					"$(inherited)",
					"@executable_path/Frameworks",
				);
				PRODUCT_BUNDLE_IDENTIFIER = "com.rachelfpy.marleyspoon.coding.Marley-Spoon-Coding-Challenge";
				PRODUCT_NAME = "$(TARGET_NAME)";
				SWIFT_VERSION = 5.0;
				TARGETED_DEVICE_FAMILY = "1,2";
			};
			name = Debug;
		};
		960FC9C12401751D00E97E54 /* Release */ = {
			isa = XCBuildConfiguration;
			baseConfigurationReference = A691E562CB44120B0FD5703E /* Pods-Marley Spoon Coding Challenge.release.xcconfig */;
			buildSettings = {
				ASSETCATALOG_COMPILER_APPICON_NAME = AppIcon;
				CODE_SIGN_STYLE = Automatic;
				DEVELOPMENT_ASSET_PATHS = "\"Marley Spoon Coding Challenge/Preview Content\"";
				ENABLE_PREVIEWS = YES;
				INFOPLIST_FILE = "Marley Spoon Coding Challenge/Info.plist";
				LD_RUNPATH_SEARCH_PATHS = (
					"$(inherited)",
					"@executable_path/Frameworks",
				);
				PRODUCT_BUNDLE_IDENTIFIER = "com.rachelfpy.marleyspoon.coding.Marley-Spoon-Coding-Challenge";
				PRODUCT_NAME = "$(TARGET_NAME)";
				SWIFT_VERSION = 5.0;
				TARGETED_DEVICE_FAMILY = "1,2";
			};
			name = Release;
		};
		960FC9C32401751D00E97E54 /* Debug */ = {
			isa = XCBuildConfiguration;
			baseConfigurationReference = F17D19096EED36A0ADE159E9 /* Pods-Marley Spoon Coding ChallengeTests.debug.xcconfig */;
			buildSettings = {
				ALWAYS_EMBED_SWIFT_STANDARD_LIBRARIES = "$(inherited)";
				BUNDLE_LOADER = "$(TEST_HOST)";
				CODE_SIGN_STYLE = Automatic;
				INFOPLIST_FILE = "Marley Spoon Coding ChallengeTests/Info.plist";
				IPHONEOS_DEPLOYMENT_TARGET = 13.2;
				LD_RUNPATH_SEARCH_PATHS = (
					"$(inherited)",
					"@executable_path/Frameworks",
					"@loader_path/Frameworks",
				);
				PRODUCT_BUNDLE_IDENTIFIER = "com.rachelfpy.marleyspoon.coding.Marley-Spoon-Coding-ChallengeTests";
				PRODUCT_NAME = "$(TARGET_NAME)";
				SWIFT_VERSION = 5.0;
				TARGETED_DEVICE_FAMILY = "1,2";
				TEST_HOST = "$(BUILT_PRODUCTS_DIR)/Marley Spoon Coding Challenge.app/Marley Spoon Coding Challenge";
			};
			name = Debug;
		};
		960FC9C42401751D00E97E54 /* Release */ = {
			isa = XCBuildConfiguration;
			baseConfigurationReference = 8A096DF7340BD29D39B93BEA /* Pods-Marley Spoon Coding ChallengeTests.release.xcconfig */;
			buildSettings = {
				ALWAYS_EMBED_SWIFT_STANDARD_LIBRARIES = "$(inherited)";
				BUNDLE_LOADER = "$(TEST_HOST)";
				CODE_SIGN_STYLE = Automatic;
				INFOPLIST_FILE = "Marley Spoon Coding ChallengeTests/Info.plist";
				IPHONEOS_DEPLOYMENT_TARGET = 13.2;
				LD_RUNPATH_SEARCH_PATHS = (
					"$(inherited)",
					"@executable_path/Frameworks",
					"@loader_path/Frameworks",
				);
				PRODUCT_BUNDLE_IDENTIFIER = "com.rachelfpy.marleyspoon.coding.Marley-Spoon-Coding-ChallengeTests";
				PRODUCT_NAME = "$(TARGET_NAME)";
				SWIFT_VERSION = 5.0;
				TARGETED_DEVICE_FAMILY = "1,2";
				TEST_HOST = "$(BUILT_PRODUCTS_DIR)/Marley Spoon Coding Challenge.app/Marley Spoon Coding Challenge";
			};
			name = Release;
		};
		960FC9C62401751D00E97E54 /* Debug */ = {
			isa = XCBuildConfiguration;
			baseConfigurationReference = 9D2256723D6D7764C5ADFF53 /* Pods-Marley Spoon Coding Challenge-Marley Spoon Coding ChallengeUITests.debug.xcconfig */;
			buildSettings = {
				ALWAYS_EMBED_SWIFT_STANDARD_LIBRARIES = "$(inherited)";
				CODE_SIGN_STYLE = Automatic;
				INFOPLIST_FILE = "Marley Spoon Coding ChallengeUITests/Info.plist";
				LD_RUNPATH_SEARCH_PATHS = (
					"$(inherited)",
					"@executable_path/Frameworks",
					"@loader_path/Frameworks",
				);
				PRODUCT_BUNDLE_IDENTIFIER = "com.rachelfpy.marleyspoon.coding.Marley-Spoon-Coding-ChallengeUITests";
				PRODUCT_NAME = "$(TARGET_NAME)";
				SWIFT_VERSION = 5.0;
				TARGETED_DEVICE_FAMILY = "1,2";
				TEST_TARGET_NAME = "Marley Spoon Coding Challenge";
			};
			name = Debug;
		};
		960FC9C72401751D00E97E54 /* Release */ = {
			isa = XCBuildConfiguration;
			baseConfigurationReference = 14A81751DE1D42E5526A642D /* Pods-Marley Spoon Coding Challenge-Marley Spoon Coding ChallengeUITests.release.xcconfig */;
			buildSettings = {
				ALWAYS_EMBED_SWIFT_STANDARD_LIBRARIES = "$(inherited)";
				CODE_SIGN_STYLE = Automatic;
				INFOPLIST_FILE = "Marley Spoon Coding ChallengeUITests/Info.plist";
				LD_RUNPATH_SEARCH_PATHS = (
					"$(inherited)",
					"@executable_path/Frameworks",
					"@loader_path/Frameworks",
				);
				PRODUCT_BUNDLE_IDENTIFIER = "com.rachelfpy.marleyspoon.coding.Marley-Spoon-Coding-ChallengeUITests";
				PRODUCT_NAME = "$(TARGET_NAME)";
				SWIFT_VERSION = 5.0;
				TARGETED_DEVICE_FAMILY = "1,2";
				TEST_TARGET_NAME = "Marley Spoon Coding Challenge";
			};
			name = Release;
		};
/* End XCBuildConfiguration section */

/* Begin XCConfigurationList section */
		960FC9902401751A00E97E54 /* Build configuration list for PBXProject "Marley Spoon Coding Challenge" */ = {
			isa = XCConfigurationList;
			buildConfigurations = (
				960FC9BD2401751D00E97E54 /* Debug */,
				960FC9BE2401751D00E97E54 /* Release */,
			);
			defaultConfigurationIsVisible = 0;
			defaultConfigurationName = Release;
		};
		960FC9BF2401751D00E97E54 /* Build configuration list for PBXNativeTarget "Marley Spoon Coding Challenge" */ = {
			isa = XCConfigurationList;
			buildConfigurations = (
				960FC9C02401751D00E97E54 /* Debug */,
				960FC9C12401751D00E97E54 /* Release */,
			);
			defaultConfigurationIsVisible = 0;
			defaultConfigurationName = Release;
		};
		960FC9C22401751D00E97E54 /* Build configuration list for PBXNativeTarget "Marley Spoon Coding ChallengeTests" */ = {
			isa = XCConfigurationList;
			buildConfigurations = (
				960FC9C32401751D00E97E54 /* Debug */,
				960FC9C42401751D00E97E54 /* Release */,
			);
			defaultConfigurationIsVisible = 0;
			defaultConfigurationName = Release;
		};
		960FC9C52401751D00E97E54 /* Build configuration list for PBXNativeTarget "Marley Spoon Coding ChallengeUITests" */ = {
			isa = XCConfigurationList;
			buildConfigurations = (
				960FC9C62401751D00E97E54 /* Debug */,
				960FC9C72401751D00E97E54 /* Release */,
			);
			defaultConfigurationIsVisible = 0;
			defaultConfigurationName = Release;
		};
/* End XCConfigurationList section */
	};
	rootObject = 960FC98D2401751A00E97E54 /* Project object */;
}
